
Microsoft Visual Studio Solution File, Format Version 12.00
# Visual Studio Version 16
VisualStudioVersion = 16.0.29503.13
MinimumVisualStudioVersion = 10.0.40219.1
Project("{FAE04EC0-301F-11D3-BF4B-00C04F79EFBC}") = "Players Service", "Players Service\Players Service.csproj", "{8352D242-EB2B-4CEF-8BB6-63E8681B5835}"
EndProject
Project("{FAE04EC0-301F-11D3-BF4B-00C04F79EFBC}") = "Players Service Tests", "Players Service Tests\Players Service Tests.csproj", "{554F02DF-B3D7-4573-ABBB-A71B1CA164BA}"
EndProject
Global
	GlobalSection(SolutionConfigurationPlatforms) = preSolution
		Debug|Any CPU = Debug|Any CPU
		Release|Any CPU = Release|Any CPU
	EndGlobalSection
	GlobalSection(ProjectConfigurationPlatforms) = postSolution
		{8352D242-EB2B-4CEF-8BB6-63E8681B5835}.Debug|Any CPU.ActiveCfg = Debug|Any CPU
		{8352D242-EB2B-4CEF-8BB6-63E8681B5835}.Debug|Any CPU.Build.0 = Debug|Any CPU
		{8352D242-EB2B-4CEF-8BB6-63E8681B5835}.Release|Any CPU.ActiveCfg = Release|Any CPU
		{8352D242-EB2B-4CEF-8BB6-63E8681B5835}.Release|Any CPU.Build.0 = Release|Any CPU
		{554F02DF-B3D7-4573-ABBB-A71B1CA164BA}.Debug|Any CPU.ActiveCfg = Debug|Any CPU
		{554F02DF-B3D7-4573-ABBB-A71B1CA164BA}.Debug|Any CPU.Build.0 = Debug|Any CPU
		{554F02DF-B3D7-4573-ABBB-A71B1CA164BA}.Release|Any CPU.ActiveCfg = Release|Any CPU
		{554F02DF-B3D7-4573-ABBB-A71B1CA164BA}.Release|Any CPU.Build.0 = Release|Any CPU
	EndGlobalSection
	GlobalSection(SolutionProperties) = preSolution
		HideSolutionNode = FALSE
	EndGlobalSection
	GlobalSection(ExtensibilityGlobals) = postSolution
		SolutionGuid = {FF1331B4-9AD2-4B68-B934-AB118F19EE13}
	EndGlobalSection
EndGlobal
